
Microsoft Visual Studio Solution File, Format Version 12.00
# Visual Studio Version 17
VisualStudioVersion = 17.5.33502.453
MinimumVisualStudioVersion = 10.0.40219.1
Project("{9A19103F-16F7-4668-BE54-9A1E7A4F7556}") = "Blazor.Api", "Blazor.Api\Blazor.Api.csproj", "{61795832-28C6-4F56-A389-E7C056496A63}"
EndProject
Project("{9A19103F-16F7-4668-BE54-9A1E7A4F7556}") = "Blazor.BL", "Blazor.BL\Blazor.BL.csproj", "{F8FC010A-274F-4326-B150-35F1C7D2E0C1}"
EndProject
Project("{9A19103F-16F7-4668-BE54-9A1E7A4F7556}") = "Blazor.DAL", "Blazor.DAL\Blazor.DAL.csproj", "{D0904090-721A-48A9-B578-A67480DFE3BB}"
EndProject
Project("{9A19103F-16F7-4668-BE54-9A1E7A4F7556}") = "Blazor.Shared", "Blazor.Shared\Blazor.Shared.csproj", "{44CAD5C6-02D8-494A-946C-3643683778E8}"
EndProject
Project("{9A19103F-16F7-4668-BE54-9A1E7A4F7556}") = "Blazor.UI", "Blazor.UI\Blazor.UI.csproj", "{CE12A606-66D8-4864-988A-D9A315AD64C0}"
EndProject
Global
	GlobalSection(SolutionConfigurationPlatforms) = preSolution
		Debug|Any CPU = Debug|Any CPU
		Release|Any CPU = Release|Any CPU
	EndGlobalSection
	GlobalSection(ProjectConfigurationPlatforms) = postSolution
		{61795832-28C6-4F56-A389-E7C056496A63}.Debug|Any CPU.ActiveCfg = Debug|Any CPU
		{61795832-28C6-4F56-A389-E7C056496A63}.Debug|Any CPU.Build.0 = Debug|Any CPU
		{61795832-28C6-4F56-A389-E7C056496A63}.Release|Any CPU.ActiveCfg = Release|Any CPU
		{61795832-28C6-4F56-A389-E7C056496A63}.Release|Any CPU.Build.0 = Release|Any CPU
		{F8FC010A-274F-4326-B150-35F1C7D2E0C1}.Debug|Any CPU.ActiveCfg = Debug|Any CPU
		{F8FC010A-274F-4326-B150-35F1C7D2E0C1}.Debug|Any CPU.Build.0 = Debug|Any CPU
		{F8FC010A-274F-4326-B150-35F1C7D2E0C1}.Release|Any CPU.ActiveCfg = Release|Any CPU
		{F8FC010A-274F-4326-B150-35F1C7D2E0C1}.Release|Any CPU.Build.0 = Release|Any CPU
		{D0904090-721A-48A9-B578-A67480DFE3BB}.Debug|Any CPU.ActiveCfg = Debug|Any CPU
		{D0904090-721A-48A9-B578-A67480DFE3BB}.Debug|Any CPU.Build.0 = Debug|Any CPU
		{D0904090-721A-48A9-B578-A67480DFE3BB}.Release|Any CPU.ActiveCfg = Release|Any CPU
		{D0904090-721A-48A9-B578-A67480DFE3BB}.Release|Any CPU.Build.0 = Release|Any CPU
		{44CAD5C6-02D8-494A-946C-3643683778E8}.Debug|Any CPU.ActiveCfg = Debug|Any CPU
		{44CAD5C6-02D8-494A-946C-3643683778E8}.Debug|Any CPU.Build.0 = Debug|Any CPU
		{44CAD5C6-02D8-494A-946C-3643683778E8}.Release|Any CPU.ActiveCfg = Release|Any CPU
		{44CAD5C6-02D8-494A-946C-3643683778E8}.Release|Any CPU.Build.0 = Release|Any CPU
		{CE12A606-66D8-4864-988A-D9A315AD64C0}.Debug|Any CPU.ActiveCfg = Debug|Any CPU
		{CE12A606-66D8-4864-988A-D9A315AD64C0}.Debug|Any CPU.Build.0 = Debug|Any CPU
		{CE12A606-66D8-4864-988A-D9A315AD64C0}.Release|Any CPU.ActiveCfg = Release|Any CPU
		{CE12A606-66D8-4864-988A-D9A315AD64C0}.Release|Any CPU.Build.0 = Release|Any CPU
	EndGlobalSection
	GlobalSection(SolutionProperties) = preSolution
		HideSolutionNode = FALSE
	EndGlobalSection
	GlobalSection(ExtensibilityGlobals) = postSolution
		SolutionGuid = {1FF5437C-6B8F-4166-8F31-EB7AB4B6EB47}
	EndGlobalSection
EndGlobal
